// !$*UTF8*$!
{
	archiveVersion = 1;
	classes = {
	};
	objectVersion = 56;
	objects = {

/* Begin PBXBuildFile section */
		1F1AAFE02AF1E07C00841AF9 /* FirebaseAppStuffApp.swift in Sources */ = {isa = PBXBuildFile; fileRef = 1F1AAFDF2AF1E07C00841AF9 /* FirebaseAppStuffApp.swift */; };
		1F1AAFE22AF1E07C00841AF9 /* ContentView.swift in Sources */ = {isa = PBXBuildFile; fileRef = 1F1AAFE12AF1E07C00841AF9 /* ContentView.swift */; };
		1F1AAFE42AF1E07D00841AF9 /* Assets.xcassets in Resources */ = {isa = PBXBuildFile; fileRef = 1F1AAFE32AF1E07D00841AF9 /* Assets.xcassets */; };
		1F1AAFE72AF1E07D00841AF9 /* Preview Assets.xcassets in Resources */ = {isa = PBXBuildFile; fileRef = 1F1AAFE62AF1E07D00841AF9 /* Preview Assets.xcassets */; };
		1F1AAFF52AF1E25A00841AF9 /* LoginView.swift in Sources */ = {isa = PBXBuildFile; fileRef = 1F1AAFF42AF1E25A00841AF9 /* LoginView.swift */; };
		1F1AAFF72AF1E4B700841AF9 /* inputView.swift in Sources */ = {isa = PBXBuildFile; fileRef = 1F1AAFF62AF1E4B700841AF9 /* inputView.swift */; };
		1F1AAFF92AF1ED0F00841AF9 /* RegistrationView.swift in Sources */ = {isa = PBXBuildFile; fileRef = 1F1AAFF82AF1ED0F00841AF9 /* RegistrationView.swift */; };
		1F1AAFFB2AF1EF9F00841AF9 /* ProfileView.swift in Sources */ = {isa = PBXBuildFile; fileRef = 1F1AAFFA2AF1EF9F00841AF9 /* ProfileView.swift */; };
		1F1AAFFD2AF1F12600841AF9 /* SettingsRowView.swift in Sources */ = {isa = PBXBuildFile; fileRef = 1F1AAFFC2AF1F12600841AF9 /* SettingsRowView.swift */; };
		1F1AAFFF2AF1F5D100841AF9 /* User.swift in Sources */ = {isa = PBXBuildFile; fileRef = 1F1AAFFE2AF1F5D100841AF9 /* User.swift */; };
/* End PBXBuildFile section */

/* Begin PBXFileReference section */
		1F1AAFDC2AF1E07C00841AF9 /* FirebaseAppStuff.app */ = {isa = PBXFileReference; explicitFileType = wrapper.application; includeInIndex = 0; path = FirebaseAppStuff.app; sourceTree = BUILT_PRODUCTS_DIR; };
		1F1AAFDF2AF1E07C00841AF9 /* FirebaseAppStuffApp.swift */ = {isa = PBXFileReference; lastKnownFileType = sourcecode.swift; path = FirebaseAppStuffApp.swift; sourceTree = "<group>"; };
		1F1AAFE12AF1E07C00841AF9 /* ContentView.swift */ = {isa = PBXFileReference; lastKnownFileType = sourcecode.swift; path = ContentView.swift; sourceTree = "<group>"; };
		1F1AAFE32AF1E07D00841AF9 /* Assets.xcassets */ = {isa = PBXFileReference; lastKnownFileType = folder.assetcatalog; path = Assets.xcassets; sourceTree = "<group>"; };
		1F1AAFE62AF1E07D00841AF9 /* Preview Assets.xcassets */ = {isa = PBXFileReference; lastKnownFileType = folder.assetcatalog; path = "Preview Assets.xcassets"; sourceTree = "<group>"; };
		1F1AAFF42AF1E25A00841AF9 /* LoginView.swift */ = {isa = PBXFileReference; lastKnownFileType = sourcecode.swift; path = LoginView.swift; sourceTree = "<group>"; };
		1F1AAFF62AF1E4B700841AF9 /* inputView.swift */ = {isa = PBXFileReference; lastKnownFileType = sourcecode.swift; path = inputView.swift; sourceTree = "<group>"; };
		1F1AAFF82AF1ED0F00841AF9 /* RegistrationView.swift */ = {isa = PBXFileReference; lastKnownFileType = sourcecode.swift; path = RegistrationView.swift; sourceTree = "<group>"; };
		1F1AAFFA2AF1EF9F00841AF9 /* ProfileView.swift */ = {isa = PBXFileReference; lastKnownFileType = sourcecode.swift; path = ProfileView.swift; sourceTree = "<group>"; };
		1F1AAFFC2AF1F12600841AF9 /* SettingsRowView.swift */ = {isa = PBXFileReference; lastKnownFileType = sourcecode.swift; path = SettingsRowView.swift; sourceTree = "<group>"; };
		1F1AAFFE2AF1F5D100841AF9 /* User.swift */ = {isa = PBXFileReference; lastKnownFileType = sourcecode.swift; path = User.swift; sourceTree = "<group>"; };
/* End PBXFileReference section */

/* Begin PBXFrameworksBuildPhase section */
		1F1AAFD92AF1E07C00841AF9 /* Frameworks */ = {
			isa = PBXFrameworksBuildPhase;
			buildActionMask = 2147483647;
			files = (
			);
			runOnlyForDeploymentPostprocessing = 0;
		};
/* End PBXFrameworksBuildPhase section */

/* Begin PBXGroup section */
		1F1AAFD32AF1E07C00841AF9 = {
			isa = PBXGroup;
			children = (
				1F1AAFDE2AF1E07C00841AF9 /* FirebaseAppStuff */,
				1F1AAFDD2AF1E07C00841AF9 /* Products */,
			);
			sourceTree = "<group>";
		};
		1F1AAFDD2AF1E07C00841AF9 /* Products */ = {
			isa = PBXGroup;
			children = (
				1F1AAFDC2AF1E07C00841AF9 /* FirebaseAppStuff.app */,
			);
			name = Products;
			sourceTree = "<group>";
		};
		1F1AAFDE2AF1E07C00841AF9 /* FirebaseAppStuff */ = {
			isa = PBXGroup;
			children = (
				1F1AAFED2AF1E19100841AF9 /* App */,
				1F1AAFEF2AF1E1A300841AF9 /* Components */,
				1F1AAFEE2AF1E19B00841AF9 /* Core */,
				1F1AAFF02AF1E1AB00841AF9 /* Model */,
				1F1AAFE32AF1E07D00841AF9 /* Assets.xcassets */,
				1F1AAFE52AF1E07D00841AF9 /* Preview Content */,
			);
			path = FirebaseAppStuff;
			sourceTree = "<group>";
		};
		1F1AAFE52AF1E07D00841AF9 /* Preview Content */ = {
			isa = PBXGroup;
			children = (
				1F1AAFE62AF1E07D00841AF9 /* Preview Assets.xcassets */,
			);
			path = "Preview Content";
			sourceTree = "<group>";
		};
		1F1AAFED2AF1E19100841AF9 /* App */ = {
			isa = PBXGroup;
			children = (
				1F1AAFDF2AF1E07C00841AF9 /* FirebaseAppStuffApp.swift */,
			);
			path = App;
			sourceTree = "<group>";
		};
		1F1AAFEE2AF1E19B00841AF9 /* Core */ = {
			isa = PBXGroup;
			children = (
				1F1AAFF12AF1E1E400841AF9 /* Root */,
				1F1AAFF22AF1E20100841AF9 /* Authentication */,
				1F1AAFF32AF1E21000841AF9 /* Profile */,
			);
			path = Core;
			sourceTree = "<group>";
		};
		1F1AAFEF2AF1E1A300841AF9 /* Components */ = {
			isa = PBXGroup;
			children = (
				1F1AAFF62AF1E4B700841AF9 /* inputView.swift */,
				1F1AAFFC2AF1F12600841AF9 /* SettingsRowView.swift */,
			);
			path = Components;
			sourceTree = "<group>";
		};
		1F1AAFF02AF1E1AB00841AF9 /* Model */ = {
			isa = PBXGroup;
			children = (
				1F1AAFFE2AF1F5D100841AF9 /* User.swift */,
			);
			path = Model;
			sourceTree = "<group>";
		};
		1F1AAFF12AF1E1E400841AF9 /* Root */ = {
			isa = PBXGroup;
			children = (
				1F1AAFE12AF1E07C00841AF9 /* ContentView.swift */,
			);
			path = Root;
			sourceTree = "<group>";
		};
		1F1AAFF22AF1E20100841AF9 /* Authentication */ = {
			isa = PBXGroup;
			children = (
				1F1AAFF42AF1E25A00841AF9 /* LoginView.swift */,
				1F1AAFF82AF1ED0F00841AF9 /* RegistrationView.swift */,
			);
			path = Authentication;
			sourceTree = "<group>";
		};
		1F1AAFF32AF1E21000841AF9 /* Profile */ = {
			isa = PBXGroup;
			children = (
				1F1AAFFA2AF1EF9F00841AF9 /* ProfileView.swift */,
			);
			path = Profile;
			sourceTree = "<group>";
		};
/* End PBXGroup section */

/* Begin PBXNativeTarget section */
		1F1AAFDB2AF1E07C00841AF9 /* FirebaseAppStuff */ = {
			isa = PBXNativeTarget;
			buildConfigurationList = 1F1AAFEA2AF1E07D00841AF9 /* Build configuration list for PBXNativeTarget "FirebaseAppStuff" */;
			buildPhases = (
				1F1AAFD82AF1E07C00841AF9 /* Sources */,
				1F1AAFD92AF1E07C00841AF9 /* Frameworks */,
				1F1AAFDA2AF1E07C00841AF9 /* Resources */,
			);
			buildRules = (
			);
			dependencies = (
			);
			name = FirebaseAppStuff;
			productName = FirebaseAppStuff;
			productReference = 1F1AAFDC2AF1E07C00841AF9 /* FirebaseAppStuff.app */;
			productType = "com.apple.product-type.application";
		};
/* End PBXNativeTarget section */

/* Begin PBXProject section */
		1F1AAFD42AF1E07C00841AF9 /* Project object */ = {
			isa = PBXProject;
			attributes = {
				BuildIndependentTargetsInParallel = 1;
				LastSwiftUpdateCheck = 1500;
				LastUpgradeCheck = 1500;
				TargetAttributes = {
					1F1AAFDB2AF1E07C00841AF9 = {
						CreatedOnToolsVersion = 15.0.1;
					};
				};
			};
			buildConfigurationList = 1F1AAFD72AF1E07C00841AF9 /* Build configuration list for PBXProject "FirebaseAppStuff" */;
			compatibilityVersion = "Xcode 14.0";
			developmentRegion = en;
			hasScannedForEncodings = 0;
			knownRegions = (
				en,
				Base,
			);
			mainGroup = 1F1AAFD32AF1E07C00841AF9;
			productRefGroup = 1F1AAFDD2AF1E07C00841AF9 /* Products */;
			projectDirPath = "";
			projectRoot = "";
			targets = (
				1F1AAFDB2AF1E07C00841AF9 /* FirebaseAppStuff */,
			);
		};
/* End PBXProject section */

/* Begin PBXResourcesBuildPhase section */
		1F1AAFDA2AF1E07C00841AF9 /* Resources */ = {
			isa = PBXResourcesBuildPhase;
			buildActionMask = 2147483647;
			files = (
				1F1AAFE72AF1E07D00841AF9 /* Preview Assets.xcassets in Resources */,
				1F1AAFE42AF1E07D00841AF9 /* Assets.xcassets in Resources */,
			);
			runOnlyForDeploymentPostprocessing = 0;
		};
/* End PBXResourcesBuildPhase section */

/* Begin PBXSourcesBuildPhase section */
		1F1AAFD82AF1E07C00841AF9 /* Sources */ = {
			isa = PBXSourcesBuildPhase;
			buildActionMask = 2147483647;
			files = (
				1F1AAFF52AF1E25A00841AF9 /* LoginView.swift in Sources */,
				1F1AAFF72AF1E4B700841AF9 /* inputView.swift in Sources */,
				1F1AAFE22AF1E07C00841AF9 /* ContentView.swift in Sources */,
				1F1AAFE02AF1E07C00841AF9 /* FirebaseAppStuffApp.swift in Sources */,
				1F1AAFFF2AF1F5D100841AF9 /* User.swift in Sources */,
				1F1AAFFB2AF1EF9F00841AF9 /* ProfileView.swift in Sources */,
				1F1AAFF92AF1ED0F00841AF9 /* RegistrationView.swift in Sources */,
				1F1AAFFD2AF1F12600841AF9 /* SettingsRowView.swift in Sources */,
			);
			runOnlyForDeploymentPostprocessing = 0;
		};
/* End PBXSourcesBuildPhase section */

/* Begin XCBuildConfiguration section */
		1F1AAFE82AF1E07D00841AF9 /* Debug */ = {
			isa = XCBuildConfiguration;
			buildSettings = {
				ALWAYS_SEARCH_USER_PATHS = NO;
				ASSETCATALOG_COMPILER_GENERATE_SWIFT_ASSET_SYMBOL_EXTENSIONS = YES;
				CLANG_ANALYZER_NONNULL = YES;
				CLANG_ANALYZER_NUMBER_OBJECT_CONVERSION = YES_AGGRESSIVE;
				CLANG_CXX_LANGUAGE_STANDARD = "gnu++20";
				CLANG_ENABLE_MODULES = YES;
				CLANG_ENABLE_OBJC_ARC = YES;
				CLANG_ENABLE_OBJC_WEAK = YES;
				CLANG_WARN_BLOCK_CAPTURE_AUTORELEASING = YES;
				CLANG_WARN_BOOL_CONVERSION = YES;
				CLANG_WARN_COMMA = YES;
				CLANG_WARN_CONSTANT_CONVERSION = YES;
				CLANG_WARN_DEPRECATED_OBJC_IMPLEMENTATIONS = YES;
				CLANG_WARN_DIRECT_OBJC_ISA_USAGE = YES_ERROR;
				CLANG_WARN_DOCUMENTATION_COMMENTS = YES;
				CLANG_WARN_EMPTY_BODY = YES;
				CLANG_WARN_ENUM_CONVERSION = YES;
				CLANG_WARN_INFINITE_RECURSION = YES;
				CLANG_WARN_INT_CONVERSION = YES;
				CLANG_WARN_NON_LITERAL_NULL_CONVERSION = YES;
				CLANG_WARN_OBJC_IMPLICIT_RETAIN_SELF = YES;
				CLANG_WARN_OBJC_LITERAL_CONVERSION = YES;
				CLANG_WARN_OBJC_ROOT_CLASS = YES_ERROR;
				CLANG_WARN_QUOTED_INCLUDE_IN_FRAMEWORK_HEADER = YES;
				CLANG_WARN_RANGE_LOOP_ANALYSIS = YES;
				CLANG_WARN_STRICT_PROTOTYPES = YES;
				CLANG_WARN_SUSPICIOUS_MOVE = YES;
				CLANG_WARN_UNGUARDED_AVAILABILITY = YES_AGGRESSIVE;
				CLANG_WARN_UNREACHABLE_CODE = YES;
				CLANG_WARN__DUPLICATE_METHOD_MATCH = YES;
				COPY_PHASE_STRIP = NO;
				DEBUG_INFORMATION_FORMAT = dwarf;
				ENABLE_STRICT_OBJC_MSGSEND = YES;
				ENABLE_TESTABILITY = YES;
				ENABLE_USER_SCRIPT_SANDBOXING = YES;
				GCC_C_LANGUAGE_STANDARD = gnu17;
				GCC_DYNAMIC_NO_PIC = NO;
				GCC_NO_COMMON_BLOCKS = YES;
				GCC_OPTIMIZATION_LEVEL = 0;
				GCC_PREPROCESSOR_DEFINITIONS = (
					"DEBUG=1",
					"$(inherited)",
				);
				GCC_WARN_64_TO_32_BIT_CONVERSION = YES;
				GCC_WARN_ABOUT_RETURN_TYPE = YES_ERROR;
				GCC_WARN_UNDECLARED_SELECTOR = YES;
				GCC_WARN_UNINITIALIZED_AUTOS = YES_AGGRESSIVE;
				GCC_WARN_UNUSED_FUNCTION = YES;
				GCC_WARN_UNUSED_VARIABLE = YES;
				IPHONEOS_DEPLOYMENT_TARGET = 17.0;
				LOCALIZATION_PREFERS_STRING_CATALOGS = YES;
				MTL_ENABLE_DEBUG_INFO = INCLUDE_SOURCE;
				MTL_FAST_MATH = YES;
				ONLY_ACTIVE_ARCH = YES;
				SDKROOT = iphoneos;
				SWIFT_ACTIVE_COMPILATION_CONDITIONS = "DEBUG $(inherited)";
				SWIFT_OPTIMIZATION_LEVEL = "-Onone";
			};
			name = Debug;
		};
		1F1AAFE92AF1E07D00841AF9 /* Release */ = {
			isa = XCBuildConfiguration;
			buildSettings = {
				ALWAYS_SEARCH_USER_PATHS = NO;
				ASSETCATALOG_COMPILER_GENERATE_SWIFT_ASSET_SYMBOL_EXTENSIONS = YES;
				CLANG_ANALYZER_NONNULL = YES;
				CLANG_ANALYZER_NUMBER_OBJECT_CONVERSION = YES_AGGRESSIVE;
				CLANG_CXX_LANGUAGE_STANDARD = "gnu++20";
				CLANG_ENABLE_MODULES = YES;
				CLANG_ENABLE_OBJC_ARC = YES;
				CLANG_ENABLE_OBJC_WEAK = YES;
				CLANG_WARN_BLOCK_CAPTURE_AUTORELEASING = YES;
				CLANG_WARN_BOOL_CONVERSION = YES;
				CLANG_WARN_COMMA = YES;
				CLANG_WARN_CONSTANT_CONVERSION = YES;
				CLANG_WARN_DEPRECATED_OBJC_IMPLEMENTATIONS = YES;
				CLANG_WARN_DIRECT_OBJC_ISA_USAGE = YES_ERROR;
				CLANG_WARN_DOCUMENTATION_COMMENTS = YES;
				CLANG_WARN_EMPTY_BODY = YES;
				CLANG_WARN_ENUM_CONVERSION = YES;
				CLANG_WARN_INFINITE_RECURSION = YES;
				CLANG_WARN_INT_CONVERSION = YES;
				CLANG_WARN_NON_LITERAL_NULL_CONVERSION = YES;
				CLANG_WARN_OBJC_IMPLICIT_RETAIN_SELF = YES;
				CLANG_WARN_OBJC_LITERAL_CONVERSION = YES;
				CLANG_WARN_OBJC_ROOT_CLASS = YES_ERROR;
				CLANG_WARN_QUOTED_INCLUDE_IN_FRAMEWORK_HEADER = YES;
				CLANG_WARN_RANGE_LOOP_ANALYSIS = YES;
				CLANG_WARN_STRICT_PROTOTYPES = YES;
				CLANG_WARN_SUSPICIOUS_MOVE = YES;
				CLANG_WARN_UNGUARDED_AVAILABILITY = YES_AGGRESSIVE;
				CLANG_WARN_UNREACHABLE_CODE = YES;
				CLANG_WARN__DUPLICATE_METHOD_MATCH = YES;
				COPY_PHASE_STRIP = NO;
				DEBUG_INFORMATION_FORMAT = "dwarf-with-dsym";
				ENABLE_NS_ASSERTIONS = NO;
				ENABLE_STRICT_OBJC_MSGSEND = YES;
				ENABLE_USER_SCRIPT_SANDBOXING = YES;
				GCC_C_LANGUAGE_STANDARD = gnu17;
				GCC_NO_COMMON_BLOCKS = YES;
				GCC_WARN_64_TO_32_BIT_CONVERSION = YES;
				GCC_WARN_ABOUT_RETURN_TYPE = YES_ERROR;
				GCC_WARN_UNDECLARED_SELECTOR = YES;
				GCC_WARN_UNINITIALIZED_AUTOS = YES_AGGRESSIVE;
				GCC_WARN_UNUSED_FUNCTION = YES;
				GCC_WARN_UNUSED_VARIABLE = YES;
				IPHONEOS_DEPLOYMENT_TARGET = 17.0;
				LOCALIZATION_PREFERS_STRING_CATALOGS = YES;
				MTL_ENABLE_DEBUG_INFO = NO;
				MTL_FAST_MATH = YES;
				SDKROOT = iphoneos;
				SWIFT_COMPILATION_MODE = wholemodule;
				VALIDATE_PRODUCT = YES;
			};
			name = Release;
		};
		1F1AAFEB2AF1E07D00841AF9 /* Debug */ = {
			isa = XCBuildConfiguration;
			buildSettings = {
				ASSETCATALOG_COMPILER_APPICON_NAME = AppIcon;
				ASSETCATALOG_COMPILER_GLOBAL_ACCENT_COLOR_NAME = AccentColor;
				CODE_SIGN_STYLE = Automatic;
				CURRENT_PROJECT_VERSION = 1;
				DEVELOPMENT_ASSET_PATHS = "\"FirebaseAppStuff/Preview Content\"";
				DEVELOPMENT_TEAM = K2Q2XHS4FN;
				ENABLE_PREVIEWS = YES;
				GENERATE_INFOPLIST_FILE = YES;
				INFOPLIST_KEY_UIApplicationSceneManifest_Generation = YES;
				INFOPLIST_KEY_UIApplicationSupportsIndirectInputEvents = YES;
				INFOPLIST_KEY_UILaunchScreen_Generation = YES;
				INFOPLIST_KEY_UISupportedInterfaceOrientations = UIInterfaceOrientationPortrait;
				INFOPLIST_KEY_UISupportedInterfaceOrientations_iPad = "UIInterfaceOrientationPortrait UIInterfaceOrientationPortraitUpsideDown";
				LD_RUNPATH_SEARCH_PATHS = (
					"$(inherited)",
					"@executable_path/Frameworks",
				);
				MARKETING_VERSION = 1.0;
				PRODUCT_BUNDLE_IDENTIFIER = com.fabian.FirebaseAppStuff;
				PRODUCT_NAME = "$(TARGET_NAME)";
				SUPPORTED_PLATFORMS = "iphoneos iphonesimulator";
				SUPPORTS_MACCATALYST = NO;
				SUPPORTS_MAC_DESIGNED_FOR_IPHONE_IPAD = NO;
				SWIFT_EMIT_LOC_STRINGS = YES;
				SWIFT_VERSION = 5.0;
				TARGETED_DEVICE_FAMILY = "1,2";
			};
			name = Debug;
		};
		1F1AAFEC2AF1E07D00841AF9 /* Release */ = {
			isa = XCBuildConfiguration;
			buildSettings = {
				ASSETCATALOG_COMPILER_APPICON_NAME = AppIcon;
				ASSETCATALOG_COMPILER_GLOBAL_ACCENT_COLOR_NAME = AccentColor;
				CODE_SIGN_STYLE = Automatic;
				CURRENT_PROJECT_VERSION = 1;
				DEVELOPMENT_ASSET_PATHS = "\"FirebaseAppStuff/Preview Content\"";
				DEVELOPMENT_TEAM = K2Q2XHS4FN;
				ENABLE_PREVIEWS = YES;
				GENERATE_INFOPLIST_FILE = YES;
				INFOPLIST_KEY_UIApplicationSceneManifest_Generation = YES;
				INFOPLIST_KEY_UIApplicationSupportsIndirectInputEvents = YES;
				INFOPLIST_KEY_UILaunchScreen_Generation = YES;
				INFOPLIST_KEY_UISupportedInterfaceOrientations = UIInterfaceOrientationPortrait;
				INFOPLIST_KEY_UISupportedInterfaceOrientations_iPad = "UIInterfaceOrientationPortrait UIInterfaceOrientationPortraitUpsideDown";
				LD_RUNPATH_SEARCH_PATHS = (
					"$(inherited)",
					"@executable_path/Frameworks",
				);
				MARKETING_VERSION = 1.0;
				PRODUCT_BUNDLE_IDENTIFIER = com.fabian.FirebaseAppStuff;
				PRODUCT_NAME = "$(TARGET_NAME)";
				SUPPORTED_PLATFORMS = "iphoneos iphonesimulator";
				SUPPORTS_MACCATALYST = NO;
				SUPPORTS_MAC_DESIGNED_FOR_IPHONE_IPAD = NO;
				SWIFT_EMIT_LOC_STRINGS = YES;
				SWIFT_VERSION = 5.0;
				TARGETED_DEVICE_FAMILY = "1,2";
			};
			name = Release;
		};
/* End XCBuildConfiguration section */

/* Begin XCConfigurationList section */
		1F1AAFD72AF1E07C00841AF9 /* Build configuration list for PBXProject "FirebaseAppStuff" */ = {
			isa = XCConfigurationList;
			buildConfigurations = (
				1F1AAFE82AF1E07D00841AF9 /* Debug */,
				1F1AAFE92AF1E07D00841AF9 /* Release */,
			);
			defaultConfigurationIsVisible = 0;
			defaultConfigurationName = Release;
		};
		1F1AAFEA2AF1E07D00841AF9 /* Build configuration list for PBXNativeTarget "FirebaseAppStuff" */ = {
			isa = XCConfigurationList;
			buildConfigurations = (
				1F1AAFEB2AF1E07D00841AF9 /* Debug */,
				1F1AAFEC2AF1E07D00841AF9 /* Release */,
			);
			defaultConfigurationIsVisible = 0;
			defaultConfigurationName = Release;
		};
/* End XCConfigurationList section */
	};
	rootObject = 1F1AAFD42AF1E07C00841AF9 /* Project object */;
}
