// !$*UTF8*$!
{
	archiveVersion = 1;
	classes = {
	};
	objectVersion = 56;
	objects = {

/* Begin PBXBuildFile section */
		1F4577BE2A3C2C4D00F9F6D5 /* SwiftChallengesApp.swift in Sources */ = {isa = PBXBuildFile; fileRef = 1F4577BD2A3C2C4D00F9F6D5 /* SwiftChallengesApp.swift */; };
		1F4577C02A3C2C4D00F9F6D5 /* ContentView.swift in Sources */ = {isa = PBXBuildFile; fileRef = 1F4577BF2A3C2C4D00F9F6D5 /* ContentView.swift */; };
		1F4577C22A3C2C4F00F9F6D5 /* Assets.xcassets in Resources */ = {isa = PBXBuildFile; fileRef = 1F4577C12A3C2C4F00F9F6D5 /* Assets.xcassets */; };
		1F4577C52A3C2C4F00F9F6D5 /* Preview Assets.xcassets in Resources */ = {isa = PBXBuildFile; fileRef = 1F4577C42A3C2C4F00F9F6D5 /* Preview Assets.xcassets */; };
		1F4577CF2A3C2C4F00F9F6D5 /* StringChallengesTests.swift in Sources */ = {isa = PBXBuildFile; fileRef = 1F4577CE2A3C2C4F00F9F6D5 /* StringChallengesTests.swift */; };
		1F4577E82A3C317F00F9F6D5 /* StringChallenge.swift in Sources */ = {isa = PBXBuildFile; fileRef = 1F4577E72A3C317F00F9F6D5 /* StringChallenge.swift */; };
		1FEDB4E92A423C3E00655421 /* NumberChallenge.swift in Sources */ = {isa = PBXBuildFile; fileRef = 1FEDB4E82A423C3E00655421 /* NumberChallenge.swift */; };
		1FEDB4EB2A423C7300655421 /* NumberChallengesTests.swift in Sources */ = {isa = PBXBuildFile; fileRef = 1FEDB4EA2A423C7300655421 /* NumberChallengesTests.swift */; };
/* End PBXBuildFile section */

/* Begin PBXContainerItemProxy section */
		1F4577CB2A3C2C4F00F9F6D5 /* PBXContainerItemProxy */ = {
			isa = PBXContainerItemProxy;
			containerPortal = 1F4577B22A3C2C4D00F9F6D5 /* Project object */;
			proxyType = 1;
			remoteGlobalIDString = 1F4577B92A3C2C4D00F9F6D5;
			remoteInfo = SwiftChallenges;
		};
/* End PBXContainerItemProxy section */

/* Begin PBXFileReference section */
		1F4577BA2A3C2C4D00F9F6D5 /* SwiftChallenges.app */ = {isa = PBXFileReference; explicitFileType = wrapper.application; includeInIndex = 0; path = SwiftChallenges.app; sourceTree = BUILT_PRODUCTS_DIR; };
		1F4577BD2A3C2C4D00F9F6D5 /* SwiftChallengesApp.swift */ = {isa = PBXFileReference; lastKnownFileType = sourcecode.swift; path = SwiftChallengesApp.swift; sourceTree = "<group>"; };
		1F4577BF2A3C2C4D00F9F6D5 /* ContentView.swift */ = {isa = PBXFileReference; lastKnownFileType = sourcecode.swift; path = ContentView.swift; sourceTree = "<group>"; };
		1F4577C12A3C2C4F00F9F6D5 /* Assets.xcassets */ = {isa = PBXFileReference; lastKnownFileType = folder.assetcatalog; path = Assets.xcassets; sourceTree = "<group>"; };
		1F4577C42A3C2C4F00F9F6D5 /* Preview Assets.xcassets */ = {isa = PBXFileReference; lastKnownFileType = folder.assetcatalog; path = "Preview Assets.xcassets"; sourceTree = "<group>"; };
		1F4577CA2A3C2C4F00F9F6D5 /* SwiftChallengesTests.xctest */ = {isa = PBXFileReference; explicitFileType = wrapper.cfbundle; includeInIndex = 0; path = SwiftChallengesTests.xctest; sourceTree = BUILT_PRODUCTS_DIR; };
		1F4577CE2A3C2C4F00F9F6D5 /* StringChallengesTests.swift */ = {isa = PBXFileReference; lastKnownFileType = sourcecode.swift; path = StringChallengesTests.swift; sourceTree = "<group>"; };
		1F4577E72A3C317F00F9F6D5 /* StringChallenge.swift */ = {isa = PBXFileReference; lastKnownFileType = sourcecode.swift; path = StringChallenge.swift; sourceTree = "<group>"; };
		1FEDB4E82A423C3E00655421 /* NumberChallenge.swift */ = {isa = PBXFileReference; lastKnownFileType = sourcecode.swift; path = NumberChallenge.swift; sourceTree = "<group>"; };
		1FEDB4EA2A423C7300655421 /* NumberChallengesTests.swift */ = {isa = PBXFileReference; lastKnownFileType = sourcecode.swift; path = NumberChallengesTests.swift; sourceTree = "<group>"; };
/* End PBXFileReference section */

/* Begin PBXFrameworksBuildPhase section */
		1F4577B72A3C2C4D00F9F6D5 /* Frameworks */ = {
			isa = PBXFrameworksBuildPhase;
			buildActionMask = 2147483647;
			files = (
			);
			runOnlyForDeploymentPostprocessing = 0;
		};
		1F4577C72A3C2C4F00F9F6D5 /* Frameworks */ = {
			isa = PBXFrameworksBuildPhase;
			buildActionMask = 2147483647;
			files = (
			);
			runOnlyForDeploymentPostprocessing = 0;
		};
/* End PBXFrameworksBuildPhase section */

/* Begin PBXGroup section */
		1F4577B12A3C2C4D00F9F6D5 = {
			isa = PBXGroup;
			children = (
				1F4577BC2A3C2C4D00F9F6D5 /* SwiftChallenges */,
				1F4577CD2A3C2C4F00F9F6D5 /* SwiftChallengesTests */,
				1F4577BB2A3C2C4D00F9F6D5 /* Products */,
			);
			sourceTree = "<group>";
		};
		1F4577BB2A3C2C4D00F9F6D5 /* Products */ = {
			isa = PBXGroup;
			children = (
				1F4577BA2A3C2C4D00F9F6D5 /* SwiftChallenges.app */,
				1F4577CA2A3C2C4F00F9F6D5 /* SwiftChallengesTests.xctest */,
			);
			name = Products;
			sourceTree = "<group>";
		};
		1F4577BC2A3C2C4D00F9F6D5 /* SwiftChallenges */ = {
			isa = PBXGroup;
			children = (
				1F4577BD2A3C2C4D00F9F6D5 /* SwiftChallengesApp.swift */,
				1F4577BF2A3C2C4D00F9F6D5 /* ContentView.swift */,
				1F4577C12A3C2C4F00F9F6D5 /* Assets.xcassets */,
				1F4577C32A3C2C4F00F9F6D5 /* Preview Content */,
				1F4577E72A3C317F00F9F6D5 /* StringChallenge.swift */,
				1FEDB4E82A423C3E00655421 /* NumberChallenge.swift */,
			);
			path = SwiftChallenges;
			sourceTree = "<group>";
		};
		1F4577C32A3C2C4F00F9F6D5 /* Preview Content */ = {
			isa = PBXGroup;
			children = (
				1F4577C42A3C2C4F00F9F6D5 /* Preview Assets.xcassets */,
			);
			path = "Preview Content";
			sourceTree = "<group>";
		};
		1F4577CD2A3C2C4F00F9F6D5 /* SwiftChallengesTests */ = {
			isa = PBXGroup;
			children = (
				1F4577CE2A3C2C4F00F9F6D5 /* StringChallengesTests.swift */,
				1FEDB4EA2A423C7300655421 /* NumberChallengesTests.swift */,
			);
			path = SwiftChallengesTests;
			sourceTree = "<group>";
		};
/* End PBXGroup section */

/* Begin PBXNativeTarget section */
		1F4577B92A3C2C4D00F9F6D5 /* SwiftChallenges */ = {
			isa = PBXNativeTarget;
			buildConfigurationList = 1F4577DE2A3C2C4F00F9F6D5 /* Build configuration list for PBXNativeTarget "SwiftChallenges" */;
			buildPhases = (
				1F4577B62A3C2C4D00F9F6D5 /* Sources */,
				1F4577B72A3C2C4D00F9F6D5 /* Frameworks */,
				1F4577B82A3C2C4D00F9F6D5 /* Resources */,
			);
			buildRules = (
			);
			dependencies = (
			);
			name = SwiftChallenges;
			productName = SwiftChallenges;
			productReference = 1F4577BA2A3C2C4D00F9F6D5 /* SwiftChallenges.app */;
			productType = "com.apple.product-type.application";
		};
		1F4577C92A3C2C4F00F9F6D5 /* SwiftChallengesTests */ = {
			isa = PBXNativeTarget;
			buildConfigurationList = 1F4577E12A3C2C4F00F9F6D5 /* Build configuration list for PBXNativeTarget "SwiftChallengesTests" */;
			buildPhases = (
				1F4577C62A3C2C4F00F9F6D5 /* Sources */,
				1F4577C72A3C2C4F00F9F6D5 /* Frameworks */,
				1F4577C82A3C2C4F00F9F6D5 /* Resources */,
			);
			buildRules = (
			);
			dependencies = (
				1F4577CC2A3C2C4F00F9F6D5 /* PBXTargetDependency */,
			);
			name = SwiftChallengesTests;
			productName = SwiftChallengesTests;
			productReference = 1F4577CA2A3C2C4F00F9F6D5 /* SwiftChallengesTests.xctest */;
			productType = "com.apple.product-type.bundle.unit-test";
		};
/* End PBXNativeTarget section */

/* Begin PBXProject section */
		1F4577B22A3C2C4D00F9F6D5 /* Project object */ = {
			isa = PBXProject;
			attributes = {
				BuildIndependentTargetsInParallel = 1;
				LastSwiftUpdateCheck = 1430;
				LastUpgradeCheck = 1430;
				TargetAttributes = {
					1F4577B92A3C2C4D00F9F6D5 = {
						CreatedOnToolsVersion = 14.3.1;
					};
					1F4577C92A3C2C4F00F9F6D5 = {
						CreatedOnToolsVersion = 14.3.1;
						TestTargetID = 1F4577B92A3C2C4D00F9F6D5;
					};
				};
			};
			buildConfigurationList = 1F4577B52A3C2C4D00F9F6D5 /* Build configuration list for PBXProject "SwiftChallenges" */;
			compatibilityVersion = "Xcode 14.0";
			developmentRegion = en;
			hasScannedForEncodings = 0;
			knownRegions = (
				en,
				Base,
			);
			mainGroup = 1F4577B12A3C2C4D00F9F6D5;
			productRefGroup = 1F4577BB2A3C2C4D00F9F6D5 /* Products */;
			projectDirPath = "";
			projectRoot = "";
			targets = (
				1F4577B92A3C2C4D00F9F6D5 /* SwiftChallenges */,
				1F4577C92A3C2C4F00F9F6D5 /* SwiftChallengesTests */,
			);
		};
/* End PBXProject section */

/* Begin PBXResourcesBuildPhase section */
		1F4577B82A3C2C4D00F9F6D5 /* Resources */ = {
			isa = PBXResourcesBuildPhase;
			buildActionMask = 2147483647;
			files = (
				1F4577C52A3C2C4F00F9F6D5 /* Preview Assets.xcassets in Resources */,
				1F4577C22A3C2C4F00F9F6D5 /* Assets.xcassets in Resources */,
			);
			runOnlyForDeploymentPostprocessing = 0;
		};
		1F4577C82A3C2C4F00F9F6D5 /* Resources */ = {
			isa = PBXResourcesBuildPhase;
			buildActionMask = 2147483647;
			files = (
			);
			runOnlyForDeploymentPostprocessing = 0;
		};
/* End PBXResourcesBuildPhase section */

/* Begin PBXSourcesBuildPhase section */
		1F4577B62A3C2C4D00F9F6D5 /* Sources */ = {
			isa = PBXSourcesBuildPhase;
			buildActionMask = 2147483647;
			files = (
				1FEDB4E92A423C3E00655421 /* NumberChallenge.swift in Sources */,
				1F4577E82A3C317F00F9F6D5 /* StringChallenge.swift in Sources */,
				1F4577C02A3C2C4D00F9F6D5 /* ContentView.swift in Sources */,
				1F4577BE2A3C2C4D00F9F6D5 /* SwiftChallengesApp.swift in Sources */,
			);
			runOnlyForDeploymentPostprocessing = 0;
		};
		1F4577C62A3C2C4F00F9F6D5 /* Sources */ = {
			isa = PBXSourcesBuildPhase;
			buildActionMask = 2147483647;
			files = (
				1FEDB4EB2A423C7300655421 /* NumberChallengesTests.swift in Sources */,
				1F4577CF2A3C2C4F00F9F6D5 /* StringChallengesTests.swift in Sources */,
			);
			runOnlyForDeploymentPostprocessing = 0;
		};
/* End PBXSourcesBuildPhase section */

/* Begin PBXTargetDependency section */
		1F4577CC2A3C2C4F00F9F6D5 /* PBXTargetDependency */ = {
			isa = PBXTargetDependency;
			target = 1F4577B92A3C2C4D00F9F6D5 /* SwiftChallenges */;
			targetProxy = 1F4577CB2A3C2C4F00F9F6D5 /* PBXContainerItemProxy */;
		};
/* End PBXTargetDependency section */

/* Begin XCBuildConfiguration section */
		1F4577DC2A3C2C4F00F9F6D5 /* Debug */ = {
			isa = XCBuildConfiguration;
			buildSettings = {
				ALWAYS_SEARCH_USER_PATHS = NO;
				CLANG_ANALYZER_NONNULL = YES;
				CLANG_ANALYZER_NUMBER_OBJECT_CONVERSION = YES_AGGRESSIVE;
				CLANG_CXX_LANGUAGE_STANDARD = "gnu++20";
				CLANG_ENABLE_MODULES = YES;
				CLANG_ENABLE_OBJC_ARC = YES;
				CLANG_ENABLE_OBJC_WEAK = YES;
				CLANG_WARN_BLOCK_CAPTURE_AUTORELEASING = YES;
				CLANG_WARN_BOOL_CONVERSION = YES;
				CLANG_WARN_COMMA = YES;
				CLANG_WARN_CONSTANT_CONVERSION = YES;
				CLANG_WARN_DEPRECATED_OBJC_IMPLEMENTATIONS = YES;
				CLANG_WARN_DIRECT_OBJC_ISA_USAGE = YES_ERROR;
				CLANG_WARN_DOCUMENTATION_COMMENTS = YES;
				CLANG_WARN_EMPTY_BODY = YES;
				CLANG_WARN_ENUM_CONVERSION = YES;
				CLANG_WARN_INFINITE_RECURSION = YES;
				CLANG_WARN_INT_CONVERSION = YES;
				CLANG_WARN_NON_LITERAL_NULL_CONVERSION = YES;
				CLANG_WARN_OBJC_IMPLICIT_RETAIN_SELF = YES;
				CLANG_WARN_OBJC_LITERAL_CONVERSION = YES;
				CLANG_WARN_OBJC_ROOT_CLASS = YES_ERROR;
				CLANG_WARN_QUOTED_INCLUDE_IN_FRAMEWORK_HEADER = YES;
				CLANG_WARN_RANGE_LOOP_ANALYSIS = YES;
				CLANG_WARN_STRICT_PROTOTYPES = YES;
				CLANG_WARN_SUSPICIOUS_MOVE = YES;
				CLANG_WARN_UNGUARDED_AVAILABILITY = YES_AGGRESSIVE;
				CLANG_WARN_UNREACHABLE_CODE = YES;
				CLANG_WARN__DUPLICATE_METHOD_MATCH = YES;
				COPY_PHASE_STRIP = NO;
				DEBUG_INFORMATION_FORMAT = dwarf;
				ENABLE_STRICT_OBJC_MSGSEND = YES;
				ENABLE_TESTABILITY = YES;
				GCC_C_LANGUAGE_STANDARD = gnu11;
				GCC_DYNAMIC_NO_PIC = NO;
				GCC_NO_COMMON_BLOCKS = YES;
				GCC_OPTIMIZATION_LEVEL = 0;
				GCC_PREPROCESSOR_DEFINITIONS = (
					"DEBUG=1",
					"$(inherited)",
				);
				GCC_WARN_64_TO_32_BIT_CONVERSION = YES;
				GCC_WARN_ABOUT_RETURN_TYPE = YES_ERROR;
				GCC_WARN_UNDECLARED_SELECTOR = YES;
				GCC_WARN_UNINITIALIZED_AUTOS = YES_AGGRESSIVE;
				GCC_WARN_UNUSED_FUNCTION = YES;
				GCC_WARN_UNUSED_VARIABLE = YES;
				IPHONEOS_DEPLOYMENT_TARGET = 16.4;
				MTL_ENABLE_DEBUG_INFO = INCLUDE_SOURCE;
				MTL_FAST_MATH = YES;
				ONLY_ACTIVE_ARCH = YES;
				SDKROOT = iphoneos;
				SWIFT_ACTIVE_COMPILATION_CONDITIONS = DEBUG;
				SWIFT_OPTIMIZATION_LEVEL = "-Onone";
			};
			name = Debug;
		};
		1F4577DD2A3C2C4F00F9F6D5 /* Release */ = {
			isa = XCBuildConfiguration;
			buildSettings = {
				ALWAYS_SEARCH_USER_PATHS = NO;
				CLANG_ANALYZER_NONNULL = YES;
				CLANG_ANALYZER_NUMBER_OBJECT_CONVERSION = YES_AGGRESSIVE;
				CLANG_CXX_LANGUAGE_STANDARD = "gnu++20";
				CLANG_ENABLE_MODULES = YES;
				CLANG_ENABLE_OBJC_ARC = YES;
				CLANG_ENABLE_OBJC_WEAK = YES;
				CLANG_WARN_BLOCK_CAPTURE_AUTORELEASING = YES;
				CLANG_WARN_BOOL_CONVERSION = YES;
				CLANG_WARN_COMMA = YES;
				CLANG_WARN_CONSTANT_CONVERSION = YES;
				CLANG_WARN_DEPRECATED_OBJC_IMPLEMENTATIONS = YES;
				CLANG_WARN_DIRECT_OBJC_ISA_USAGE = YES_ERROR;
				CLANG_WARN_DOCUMENTATION_COMMENTS = YES;
				CLANG_WARN_EMPTY_BODY = YES;
				CLANG_WARN_ENUM_CONVERSION = YES;
				CLANG_WARN_INFINITE_RECURSION = YES;
				CLANG_WARN_INT_CONVERSION = YES;
				CLANG_WARN_NON_LITERAL_NULL_CONVERSION = YES;
				CLANG_WARN_OBJC_IMPLICIT_RETAIN_SELF = YES;
				CLANG_WARN_OBJC_LITERAL_CONVERSION = YES;
				CLANG_WARN_OBJC_ROOT_CLASS = YES_ERROR;
				CLANG_WARN_QUOTED_INCLUDE_IN_FRAMEWORK_HEADER = YES;
				CLANG_WARN_RANGE_LOOP_ANALYSIS = YES;
				CLANG_WARN_STRICT_PROTOTYPES = YES;
				CLANG_WARN_SUSPICIOUS_MOVE = YES;
				CLANG_WARN_UNGUARDED_AVAILABILITY = YES_AGGRESSIVE;
				CLANG_WARN_UNREACHABLE_CODE = YES;
				CLANG_WARN__DUPLICATE_METHOD_MATCH = YES;
				COPY_PHASE_STRIP = NO;
				DEBUG_INFORMATION_FORMAT = "dwarf-with-dsym";
				ENABLE_NS_ASSERTIONS = NO;
				ENABLE_STRICT_OBJC_MSGSEND = YES;
				GCC_C_LANGUAGE_STANDARD = gnu11;
				GCC_NO_COMMON_BLOCKS = YES;
				GCC_WARN_64_TO_32_BIT_CONVERSION = YES;
				GCC_WARN_ABOUT_RETURN_TYPE = YES_ERROR;
				GCC_WARN_UNDECLARED_SELECTOR = YES;
				GCC_WARN_UNINITIALIZED_AUTOS = YES_AGGRESSIVE;
				GCC_WARN_UNUSED_FUNCTION = YES;
				GCC_WARN_UNUSED_VARIABLE = YES;
				IPHONEOS_DEPLOYMENT_TARGET = 16.4;
				MTL_ENABLE_DEBUG_INFO = NO;
				MTL_FAST_MATH = YES;
				SDKROOT = iphoneos;
				SWIFT_COMPILATION_MODE = wholemodule;
				SWIFT_OPTIMIZATION_LEVEL = "-O";
				VALIDATE_PRODUCT = YES;
			};
			name = Release;
		};
		1F4577DF2A3C2C4F00F9F6D5 /* Debug */ = {
			isa = XCBuildConfiguration;
			buildSettings = {
				ASSETCATALOG_COMPILER_APPICON_NAME = AppIcon;
				ASSETCATALOG_COMPILER_GLOBAL_ACCENT_COLOR_NAME = AccentColor;
				CODE_SIGN_STYLE = Automatic;
				CURRENT_PROJECT_VERSION = 1;
				DEVELOPMENT_ASSET_PATHS = "\"SwiftChallenges/Preview Content\"";
				DEVELOPMENT_TEAM = RJNWKKQ88P;
				ENABLE_PREVIEWS = YES;
				GENERATE_INFOPLIST_FILE = YES;
				INFOPLIST_KEY_UIApplicationSceneManifest_Generation = YES;
				INFOPLIST_KEY_UIApplicationSupportsIndirectInputEvents = YES;
				INFOPLIST_KEY_UILaunchScreen_Generation = YES;
				INFOPLIST_KEY_UISupportedInterfaceOrientations_iPad = "UIInterfaceOrientationPortrait UIInterfaceOrientationPortraitUpsideDown UIInterfaceOrientationLandscapeLeft UIInterfaceOrientationLandscapeRight";
				INFOPLIST_KEY_UISupportedInterfaceOrientations_iPhone = "UIInterfaceOrientationPortrait UIInterfaceOrientationLandscapeLeft UIInterfaceOrientationLandscapeRight";
				LD_RUNPATH_SEARCH_PATHS = (
					"$(inherited)",
					"@executable_path/Frameworks",
				);
				MARKETING_VERSION = 1.0;
				PRODUCT_BUNDLE_IDENTIFIER = com.fabian.SwiftChallenges;
				PRODUCT_NAME = "$(TARGET_NAME)";
				SUPPORTED_PLATFORMS = "iphoneos iphonesimulator";
				SUPPORTS_MACCATALYST = NO;
				SUPPORTS_MAC_DESIGNED_FOR_IPHONE_IPAD = NO;
				SWIFT_EMIT_LOC_STRINGS = YES;
				SWIFT_VERSION = 5.0;
				TARGETED_DEVICE_FAMILY = 1;
			};
			name = Debug;
		};
		1F4577E02A3C2C4F00F9F6D5 /* Release */ = {
			isa = XCBuildConfiguration;
			buildSettings = {
				ASSETCATALOG_COMPILER_APPICON_NAME = AppIcon;
				ASSETCATALOG_COMPILER_GLOBAL_ACCENT_COLOR_NAME = AccentColor;
				CODE_SIGN_STYLE = Automatic;
				CURRENT_PROJECT_VERSION = 1;
				DEVELOPMENT_ASSET_PATHS = "\"SwiftChallenges/Preview Content\"";
				DEVELOPMENT_TEAM = RJNWKKQ88P;
				ENABLE_PREVIEWS = YES;
				GENERATE_INFOPLIST_FILE = YES;
				INFOPLIST_KEY_UIApplicationSceneManifest_Generation = YES;
				INFOPLIST_KEY_UIApplicationSupportsIndirectInputEvents = YES;
				INFOPLIST_KEY_UILaunchScreen_Generation = YES;
				INFOPLIST_KEY_UISupportedInterfaceOrientations_iPad = "UIInterfaceOrientationPortrait UIInterfaceOrientationPortraitUpsideDown UIInterfaceOrientationLandscapeLeft UIInterfaceOrientationLandscapeRight";
				INFOPLIST_KEY_UISupportedInterfaceOrientations_iPhone = "UIInterfaceOrientationPortrait UIInterfaceOrientationLandscapeLeft UIInterfaceOrientationLandscapeRight";
				LD_RUNPATH_SEARCH_PATHS = (
					"$(inherited)",
					"@executable_path/Frameworks",
				);
				MARKETING_VERSION = 1.0;
				PRODUCT_BUNDLE_IDENTIFIER = com.fabian.SwiftChallenges;
				PRODUCT_NAME = "$(TARGET_NAME)";
				SUPPORTED_PLATFORMS = "iphoneos iphonesimulator";
				SUPPORTS_MACCATALYST = NO;
				SUPPORTS_MAC_DESIGNED_FOR_IPHONE_IPAD = NO;
				SWIFT_EMIT_LOC_STRINGS = YES;
				SWIFT_VERSION = 5.0;
				TARGETED_DEVICE_FAMILY = 1;
			};
			name = Release;
		};
		1F4577E22A3C2C4F00F9F6D5 /* Debug */ = {
			isa = XCBuildConfiguration;
			buildSettings = {
				ALWAYS_EMBED_SWIFT_STANDARD_LIBRARIES = YES;
				BUNDLE_LOADER = "$(TEST_HOST)";
				CODE_SIGN_STYLE = Automatic;
				CURRENT_PROJECT_VERSION = 1;
				DEVELOPMENT_TEAM = RJNWKKQ88P;
				GENERATE_INFOPLIST_FILE = YES;
				IPHONEOS_DEPLOYMENT_TARGET = 16.4;
				MARKETING_VERSION = 1.0;
				PRODUCT_BUNDLE_IDENTIFIER = com.fabian.SwiftChallengesTests;
				PRODUCT_NAME = "$(TARGET_NAME)";
				SWIFT_EMIT_LOC_STRINGS = NO;
				SWIFT_VERSION = 5.0;
				TARGETED_DEVICE_FAMILY = "1,2";
				TEST_HOST = "$(BUILT_PRODUCTS_DIR)/SwiftChallenges.app/$(BUNDLE_EXECUTABLE_FOLDER_PATH)/SwiftChallenges";
			};
			name = Debug;
		};
		1F4577E32A3C2C4F00F9F6D5 /* Release */ = {
			isa = XCBuildConfiguration;
			buildSettings = {
				ALWAYS_EMBED_SWIFT_STANDARD_LIBRARIES = YES;
				BUNDLE_LOADER = "$(TEST_HOST)";
				CODE_SIGN_STYLE = Automatic;
				CURRENT_PROJECT_VERSION = 1;
				DEVELOPMENT_TEAM = RJNWKKQ88P;
				GENERATE_INFOPLIST_FILE = YES;
				IPHONEOS_DEPLOYMENT_TARGET = 16.4;
				MARKETING_VERSION = 1.0;
				PRODUCT_BUNDLE_IDENTIFIER = com.fabian.SwiftChallengesTests;
				PRODUCT_NAME = "$(TARGET_NAME)";
				SWIFT_EMIT_LOC_STRINGS = NO;
				SWIFT_VERSION = 5.0;
				TARGETED_DEVICE_FAMILY = "1,2";
				TEST_HOST = "$(BUILT_PRODUCTS_DIR)/SwiftChallenges.app/$(BUNDLE_EXECUTABLE_FOLDER_PATH)/SwiftChallenges";
			};
			name = Release;
		};
/* End XCBuildConfiguration section */

/* Begin XCConfigurationList section */
		1F4577B52A3C2C4D00F9F6D5 /* Build configuration list for PBXProject "SwiftChallenges" */ = {
			isa = XCConfigurationList;
			buildConfigurations = (
				1F4577DC2A3C2C4F00F9F6D5 /* Debug */,
				1F4577DD2A3C2C4F00F9F6D5 /* Release */,
			);
			defaultConfigurationIsVisible = 0;
			defaultConfigurationName = Release;
		};
		1F4577DE2A3C2C4F00F9F6D5 /* Build configuration list for PBXNativeTarget "SwiftChallenges" */ = {
			isa = XCConfigurationList;
			buildConfigurations = (
				1F4577DF2A3C2C4F00F9F6D5 /* Debug */,
				1F4577E02A3C2C4F00F9F6D5 /* Release */,
			);
			defaultConfigurationIsVisible = 0;
			defaultConfigurationName = Release;
		};
		1F4577E12A3C2C4F00F9F6D5 /* Build configuration list for PBXNativeTarget "SwiftChallengesTests" */ = {
			isa = XCConfigurationList;
			buildConfigurations = (
				1F4577E22A3C2C4F00F9F6D5 /* Debug */,
				1F4577E32A3C2C4F00F9F6D5 /* Release */,
			);
			defaultConfigurationIsVisible = 0;
			defaultConfigurationName = Release;
		};
/* End XCConfigurationList section */
	};
	rootObject = 1F4577B22A3C2C4D00F9F6D5 /* Project object */;
}
