// !$*UTF8*$!
{
	archiveVersion = 1;
	classes = {
	};
	objectVersion = 56;
	objects = {

/* Begin PBXBuildFile section */
		40B677C628DE6C3D0024C5A6 /* MasteringSwiftUIApp.swift in Sources */ = {isa = PBXBuildFile; fileRef = 40B677C528DE6C3D0024C5A6 /* MasteringSwiftUIApp.swift */; };
		40B677C828DE6C3D0024C5A6 /* Texto.swift in Sources */ = {isa = PBXBuildFile; fileRef = 40B677C728DE6C3D0024C5A6 /* Texto.swift */; };
		40B677CA28DE6C3E0024C5A6 /* Assets.xcassets in Resources */ = {isa = PBXBuildFile; fileRef = 40B677C928DE6C3E0024C5A6 /* Assets.xcassets */; };
		40B677CD28DE6C3E0024C5A6 /* Preview Assets.xcassets in Resources */ = {isa = PBXBuildFile; fileRef = 40B677CC28DE6C3E0024C5A6 /* Preview Assets.xcassets */; };
		40B677D728DE6C3E0024C5A6 /* MasteringSwiftUITests.swift in Sources */ = {isa = PBXBuildFile; fileRef = 40B677D628DE6C3E0024C5A6 /* MasteringSwiftUITests.swift */; };
		40B677E128DE6C3E0024C5A6 /* MasteringSwiftUIUITests.swift in Sources */ = {isa = PBXBuildFile; fileRef = 40B677E028DE6C3E0024C5A6 /* MasteringSwiftUIUITests.swift */; };
		40B677E328DE6C3E0024C5A6 /* MasteringSwiftUIUITestsLaunchTests.swift in Sources */ = {isa = PBXBuildFile; fileRef = 40B677E228DE6C3E0024C5A6 /* MasteringSwiftUIUITestsLaunchTests.swift */; };
		40B6780228DE70FA0024C5A6 /* Nunito-Medium.ttf in Resources */ = {isa = PBXBuildFile; fileRef = 40B677F228DE70FA0024C5A6 /* Nunito-Medium.ttf */; };
		40B6780328DE70FA0024C5A6 /* Nunito-ExtraBoldItalic.ttf in Resources */ = {isa = PBXBuildFile; fileRef = 40B677F328DE70FA0024C5A6 /* Nunito-ExtraBoldItalic.ttf */; };
		40B6780428DE70FA0024C5A6 /* Nunito-ExtraBold.ttf in Resources */ = {isa = PBXBuildFile; fileRef = 40B677F428DE70FA0024C5A6 /* Nunito-ExtraBold.ttf */; };
		40B6780528DE70FA0024C5A6 /* Nunito-ExtraLightItalic.ttf in Resources */ = {isa = PBXBuildFile; fileRef = 40B677F528DE70FA0024C5A6 /* Nunito-ExtraLightItalic.ttf */; };
		40B6780628DE70FA0024C5A6 /* Nunito-Light.ttf in Resources */ = {isa = PBXBuildFile; fileRef = 40B677F628DE70FA0024C5A6 /* Nunito-Light.ttf */; };
		40B6780728DE70FA0024C5A6 /* Nunito-Regular.ttf in Resources */ = {isa = PBXBuildFile; fileRef = 40B677F728DE70FA0024C5A6 /* Nunito-Regular.ttf */; };
		40B6780828DE70FA0024C5A6 /* Nunito-SemiBold.ttf in Resources */ = {isa = PBXBuildFile; fileRef = 40B677F828DE70FA0024C5A6 /* Nunito-SemiBold.ttf */; };
		40B6780928DE70FA0024C5A6 /* Nunito-Bold.ttf in Resources */ = {isa = PBXBuildFile; fileRef = 40B677F928DE70FA0024C5A6 /* Nunito-Bold.ttf */; };
		40B6780A28DE70FA0024C5A6 /* Nunito-BoldItalic.ttf in Resources */ = {isa = PBXBuildFile; fileRef = 40B677FA28DE70FA0024C5A6 /* Nunito-BoldItalic.ttf */; };
		40B6780B28DE70FA0024C5A6 /* Nunito-Black.ttf in Resources */ = {isa = PBXBuildFile; fileRef = 40B677FB28DE70FA0024C5A6 /* Nunito-Black.ttf */; };
		40B6780C28DE70FA0024C5A6 /* Nunito-ExtraLight.ttf in Resources */ = {isa = PBXBuildFile; fileRef = 40B677FC28DE70FA0024C5A6 /* Nunito-ExtraLight.ttf */; };
		40B6780D28DE70FA0024C5A6 /* Nunito-SemiBoldItalic.ttf in Resources */ = {isa = PBXBuildFile; fileRef = 40B677FD28DE70FA0024C5A6 /* Nunito-SemiBoldItalic.ttf */; };
		40B6780E28DE70FA0024C5A6 /* Nunito-BlackItalic.ttf in Resources */ = {isa = PBXBuildFile; fileRef = 40B677FE28DE70FA0024C5A6 /* Nunito-BlackItalic.ttf */; };
		40B6780F28DE70FA0024C5A6 /* Nunito-Italic.ttf in Resources */ = {isa = PBXBuildFile; fileRef = 40B677FF28DE70FA0024C5A6 /* Nunito-Italic.ttf */; };
		40B6781028DE70FA0024C5A6 /* Nunito-LightItalic.ttf in Resources */ = {isa = PBXBuildFile; fileRef = 40B6780028DE70FA0024C5A6 /* Nunito-LightItalic.ttf */; };
		40B6781128DE70FA0024C5A6 /* Nunito-MediumItalic.ttf in Resources */ = {isa = PBXBuildFile; fileRef = 40B6780128DE70FA0024C5A6 /* Nunito-MediumItalic.ttf */; };
		40B6781428DE78B10024C5A6 /* Imagen.swift in Sources */ = {isa = PBXBuildFile; fileRef = 40B6781328DE78B10024C5A6 /* Imagen.swift */; };
		40B6781628DE80E70024C5A6 /* ParisImage.swift in Sources */ = {isa = PBXBuildFile; fileRef = 40B6781528DE80E70024C5A6 /* ParisImage.swift */; };
/* End PBXBuildFile section */

/* Begin PBXContainerItemProxy section */
		40B677D328DE6C3E0024C5A6 /* PBXContainerItemProxy */ = {
			isa = PBXContainerItemProxy;
			containerPortal = 40B677BA28DE6C3D0024C5A6 /* Project object */;
			proxyType = 1;
			remoteGlobalIDString = 40B677C128DE6C3D0024C5A6;
			remoteInfo = MasteringSwiftUI;
		};
		40B677DD28DE6C3E0024C5A6 /* PBXContainerItemProxy */ = {
			isa = PBXContainerItemProxy;
			containerPortal = 40B677BA28DE6C3D0024C5A6 /* Project object */;
			proxyType = 1;
			remoteGlobalIDString = 40B677C128DE6C3D0024C5A6;
			remoteInfo = MasteringSwiftUI;
		};
/* End PBXContainerItemProxy section */

/* Begin PBXFileReference section */
		40B677C228DE6C3D0024C5A6 /* MasteringSwiftUI.app */ = {isa = PBXFileReference; explicitFileType = wrapper.application; includeInIndex = 0; path = MasteringSwiftUI.app; sourceTree = BUILT_PRODUCTS_DIR; };
		40B677C528DE6C3D0024C5A6 /* MasteringSwiftUIApp.swift */ = {isa = PBXFileReference; lastKnownFileType = sourcecode.swift; path = MasteringSwiftUIApp.swift; sourceTree = "<group>"; };
		40B677C728DE6C3D0024C5A6 /* Texto.swift */ = {isa = PBXFileReference; lastKnownFileType = sourcecode.swift; path = Texto.swift; sourceTree = "<group>"; };
		40B677C928DE6C3E0024C5A6 /* Assets.xcassets */ = {isa = PBXFileReference; lastKnownFileType = folder.assetcatalog; path = Assets.xcassets; sourceTree = "<group>"; };
		40B677CC28DE6C3E0024C5A6 /* Preview Assets.xcassets */ = {isa = PBXFileReference; lastKnownFileType = folder.assetcatalog; path = "Preview Assets.xcassets"; sourceTree = "<group>"; };
		40B677D228DE6C3E0024C5A6 /* MasteringSwiftUITests.xctest */ = {isa = PBXFileReference; explicitFileType = wrapper.cfbundle; includeInIndex = 0; path = MasteringSwiftUITests.xctest; sourceTree = BUILT_PRODUCTS_DIR; };
		40B677D628DE6C3E0024C5A6 /* MasteringSwiftUITests.swift */ = {isa = PBXFileReference; lastKnownFileType = sourcecode.swift; path = MasteringSwiftUITests.swift; sourceTree = "<group>"; };
		40B677DC28DE6C3E0024C5A6 /* MasteringSwiftUIUITests.xctest */ = {isa = PBXFileReference; explicitFileType = wrapper.cfbundle; includeInIndex = 0; path = MasteringSwiftUIUITests.xctest; sourceTree = BUILT_PRODUCTS_DIR; };
		40B677E028DE6C3E0024C5A6 /* MasteringSwiftUIUITests.swift */ = {isa = PBXFileReference; lastKnownFileType = sourcecode.swift; path = MasteringSwiftUIUITests.swift; sourceTree = "<group>"; };
		40B677E228DE6C3E0024C5A6 /* MasteringSwiftUIUITestsLaunchTests.swift */ = {isa = PBXFileReference; lastKnownFileType = sourcecode.swift; path = MasteringSwiftUIUITestsLaunchTests.swift; sourceTree = "<group>"; };
		40B677F228DE70FA0024C5A6 /* Nunito-Medium.ttf */ = {isa = PBXFileReference; lastKnownFileType = file; path = "Nunito-Medium.ttf"; sourceTree = "<group>"; };
		40B677F328DE70FA0024C5A6 /* Nunito-ExtraBoldItalic.ttf */ = {isa = PBXFileReference; lastKnownFileType = file; path = "Nunito-ExtraBoldItalic.ttf"; sourceTree = "<group>"; };
		40B677F428DE70FA0024C5A6 /* Nunito-ExtraBold.ttf */ = {isa = PBXFileReference; lastKnownFileType = file; path = "Nunito-ExtraBold.ttf"; sourceTree = "<group>"; };
		40B677F528DE70FA0024C5A6 /* Nunito-ExtraLightItalic.ttf */ = {isa = PBXFileReference; lastKnownFileType = file; path = "Nunito-ExtraLightItalic.ttf"; sourceTree = "<group>"; };
		40B677F628DE70FA0024C5A6 /* Nunito-Light.ttf */ = {isa = PBXFileReference; lastKnownFileType = file; path = "Nunito-Light.ttf"; sourceTree = "<group>"; };
		40B677F728DE70FA0024C5A6 /* Nunito-Regular.ttf */ = {isa = PBXFileReference; lastKnownFileType = file; path = "Nunito-Regular.ttf"; sourceTree = "<group>"; };
		40B677F828DE70FA0024C5A6 /* Nunito-SemiBold.ttf */ = {isa = PBXFileReference; lastKnownFileType = file; path = "Nunito-SemiBold.ttf"; sourceTree = "<group>"; };
		40B677F928DE70FA0024C5A6 /* Nunito-Bold.ttf */ = {isa = PBXFileReference; lastKnownFileType = file; path = "Nunito-Bold.ttf"; sourceTree = "<group>"; };
		40B677FA28DE70FA0024C5A6 /* Nunito-BoldItalic.ttf */ = {isa = PBXFileReference; lastKnownFileType = file; path = "Nunito-BoldItalic.ttf"; sourceTree = "<group>"; };
		40B677FB28DE70FA0024C5A6 /* Nunito-Black.ttf */ = {isa = PBXFileReference; lastKnownFileType = file; path = "Nunito-Black.ttf"; sourceTree = "<group>"; };
		40B677FC28DE70FA0024C5A6 /* Nunito-ExtraLight.ttf */ = {isa = PBXFileReference; lastKnownFileType = file; path = "Nunito-ExtraLight.ttf"; sourceTree = "<group>"; };
		40B677FD28DE70FA0024C5A6 /* Nunito-SemiBoldItalic.ttf */ = {isa = PBXFileReference; lastKnownFileType = file; path = "Nunito-SemiBoldItalic.ttf"; sourceTree = "<group>"; };
		40B677FE28DE70FA0024C5A6 /* Nunito-BlackItalic.ttf */ = {isa = PBXFileReference; lastKnownFileType = file; path = "Nunito-BlackItalic.ttf"; sourceTree = "<group>"; };
		40B677FF28DE70FA0024C5A6 /* Nunito-Italic.ttf */ = {isa = PBXFileReference; lastKnownFileType = file; path = "Nunito-Italic.ttf"; sourceTree = "<group>"; };
		40B6780028DE70FA0024C5A6 /* Nunito-LightItalic.ttf */ = {isa = PBXFileReference; lastKnownFileType = file; path = "Nunito-LightItalic.ttf"; sourceTree = "<group>"; };
		40B6780128DE70FA0024C5A6 /* Nunito-MediumItalic.ttf */ = {isa = PBXFileReference; lastKnownFileType = file; path = "Nunito-MediumItalic.ttf"; sourceTree = "<group>"; };
		40B6781228DE715C0024C5A6 /* Info.plist */ = {isa = PBXFileReference; lastKnownFileType = text.plist; path = Info.plist; sourceTree = "<group>"; };
		40B6781328DE78B10024C5A6 /* Imagen.swift */ = {isa = PBXFileReference; lastKnownFileType = sourcecode.swift; path = Imagen.swift; sourceTree = "<group>"; };
		40B6781528DE80E70024C5A6 /* ParisImage.swift */ = {isa = PBXFileReference; lastKnownFileType = sourcecode.swift; path = ParisImage.swift; sourceTree = "<group>"; };
/* End PBXFileReference section */

/* Begin PBXFrameworksBuildPhase section */
		40B677BF28DE6C3D0024C5A6 /* Frameworks */ = {
			isa = PBXFrameworksBuildPhase;
			buildActionMask = 2147483647;
			files = (
			);
			runOnlyForDeploymentPostprocessing = 0;
		};
		40B677CF28DE6C3E0024C5A6 /* Frameworks */ = {
			isa = PBXFrameworksBuildPhase;
			buildActionMask = 2147483647;
			files = (
			);
			runOnlyForDeploymentPostprocessing = 0;
		};
		40B677D928DE6C3E0024C5A6 /* Frameworks */ = {
			isa = PBXFrameworksBuildPhase;
			buildActionMask = 2147483647;
			files = (
			);
			runOnlyForDeploymentPostprocessing = 0;
		};
/* End PBXFrameworksBuildPhase section */

/* Begin PBXGroup section */
		40B677B928DE6C3D0024C5A6 = {
			isa = PBXGroup;
			children = (
				40B677C428DE6C3D0024C5A6 /* MasteringSwiftUI */,
				40B677D528DE6C3E0024C5A6 /* MasteringSwiftUITests */,
				40B677DF28DE6C3E0024C5A6 /* MasteringSwiftUIUITests */,
				40B677C328DE6C3D0024C5A6 /* Products */,
			);
			sourceTree = "<group>";
		};
		40B677C328DE6C3D0024C5A6 /* Products */ = {
			isa = PBXGroup;
			children = (
				40B677C228DE6C3D0024C5A6 /* MasteringSwiftUI.app */,
				40B677D228DE6C3E0024C5A6 /* MasteringSwiftUITests.xctest */,
				40B677DC28DE6C3E0024C5A6 /* MasteringSwiftUIUITests.xctest */,
			);
			name = Products;
			sourceTree = "<group>";
		};
		40B677C428DE6C3D0024C5A6 /* MasteringSwiftUI */ = {
			isa = PBXGroup;
			children = (
				40B6781228DE715C0024C5A6 /* Info.plist */,
				40B677F128DE70FA0024C5A6 /* Nunito */,
				40B677C528DE6C3D0024C5A6 /* MasteringSwiftUIApp.swift */,
				40B677C728DE6C3D0024C5A6 /* Texto.swift */,
				40B677C928DE6C3E0024C5A6 /* Assets.xcassets */,
				40B677CB28DE6C3E0024C5A6 /* Preview Content */,
				40B6781328DE78B10024C5A6 /* Imagen.swift */,
				40B6781528DE80E70024C5A6 /* ParisImage.swift */,
			);
			path = MasteringSwiftUI;
			sourceTree = "<group>";
		};
		40B677CB28DE6C3E0024C5A6 /* Preview Content */ = {
			isa = PBXGroup;
			children = (
				40B677CC28DE6C3E0024C5A6 /* Preview Assets.xcassets */,
			);
			path = "Preview Content";
			sourceTree = "<group>";
		};
		40B677D528DE6C3E0024C5A6 /* MasteringSwiftUITests */ = {
			isa = PBXGroup;
			children = (
				40B677D628DE6C3E0024C5A6 /* MasteringSwiftUITests.swift */,
			);
			path = MasteringSwiftUITests;
			sourceTree = "<group>";
		};
		40B677DF28DE6C3E0024C5A6 /* MasteringSwiftUIUITests */ = {
			isa = PBXGroup;
			children = (
				40B677E028DE6C3E0024C5A6 /* MasteringSwiftUIUITests.swift */,
				40B677E228DE6C3E0024C5A6 /* MasteringSwiftUIUITestsLaunchTests.swift */,
			);
			path = MasteringSwiftUIUITests;
			sourceTree = "<group>";
		};
		40B677F128DE70FA0024C5A6 /* Nunito */ = {
			isa = PBXGroup;
			children = (
				40B677F228DE70FA0024C5A6 /* Nunito-Medium.ttf */,
				40B677F328DE70FA0024C5A6 /* Nunito-ExtraBoldItalic.ttf */,
				40B677F428DE70FA0024C5A6 /* Nunito-ExtraBold.ttf */,
				40B677F528DE70FA0024C5A6 /* Nunito-ExtraLightItalic.ttf */,
				40B677F628DE70FA0024C5A6 /* Nunito-Light.ttf */,
				40B677F728DE70FA0024C5A6 /* Nunito-Regular.ttf */,
				40B677F828DE70FA0024C5A6 /* Nunito-SemiBold.ttf */,
				40B677F928DE70FA0024C5A6 /* Nunito-Bold.ttf */,
				40B677FA28DE70FA0024C5A6 /* Nunito-BoldItalic.ttf */,
				40B677FB28DE70FA0024C5A6 /* Nunito-Black.ttf */,
				40B677FC28DE70FA0024C5A6 /* Nunito-ExtraLight.ttf */,
				40B677FD28DE70FA0024C5A6 /* Nunito-SemiBoldItalic.ttf */,
				40B677FE28DE70FA0024C5A6 /* Nunito-BlackItalic.ttf */,
				40B677FF28DE70FA0024C5A6 /* Nunito-Italic.ttf */,
				40B6780028DE70FA0024C5A6 /* Nunito-LightItalic.ttf */,
				40B6780128DE70FA0024C5A6 /* Nunito-MediumItalic.ttf */,
			);
			path = Nunito;
			sourceTree = "<group>";
		};
/* End PBXGroup section */

/* Begin PBXNativeTarget section */
		40B677C128DE6C3D0024C5A6 /* MasteringSwiftUI */ = {
			isa = PBXNativeTarget;
			buildConfigurationList = 40B677E628DE6C3E0024C5A6 /* Build configuration list for PBXNativeTarget "MasteringSwiftUI" */;
			buildPhases = (
				40B677BE28DE6C3D0024C5A6 /* Sources */,
				40B677BF28DE6C3D0024C5A6 /* Frameworks */,
				40B677C028DE6C3D0024C5A6 /* Resources */,
			);
			buildRules = (
			);
			dependencies = (
			);
			name = MasteringSwiftUI;
			productName = MasteringSwiftUI;
			productReference = 40B677C228DE6C3D0024C5A6 /* MasteringSwiftUI.app */;
			productType = "com.apple.product-type.application";
		};
		40B677D128DE6C3E0024C5A6 /* MasteringSwiftUITests */ = {
			isa = PBXNativeTarget;
			buildConfigurationList = 40B677E928DE6C3E0024C5A6 /* Build configuration list for PBXNativeTarget "MasteringSwiftUITests" */;
			buildPhases = (
				40B677CE28DE6C3E0024C5A6 /* Sources */,
				40B677CF28DE6C3E0024C5A6 /* Frameworks */,
				40B677D028DE6C3E0024C5A6 /* Resources */,
			);
			buildRules = (
			);
			dependencies = (
				40B677D428DE6C3E0024C5A6 /* PBXTargetDependency */,
			);
			name = MasteringSwiftUITests;
			productName = MasteringSwiftUITests;
			productReference = 40B677D228DE6C3E0024C5A6 /* MasteringSwiftUITests.xctest */;
			productType = "com.apple.product-type.bundle.unit-test";
		};
		40B677DB28DE6C3E0024C5A6 /* MasteringSwiftUIUITests */ = {
			isa = PBXNativeTarget;
			buildConfigurationList = 40B677EC28DE6C3E0024C5A6 /* Build configuration list for PBXNativeTarget "MasteringSwiftUIUITests" */;
			buildPhases = (
				40B677D828DE6C3E0024C5A6 /* Sources */,
				40B677D928DE6C3E0024C5A6 /* Frameworks */,
				40B677DA28DE6C3E0024C5A6 /* Resources */,
			);
			buildRules = (
			);
			dependencies = (
				40B677DE28DE6C3E0024C5A6 /* PBXTargetDependency */,
			);
			name = MasteringSwiftUIUITests;
			productName = MasteringSwiftUIUITests;
			productReference = 40B677DC28DE6C3E0024C5A6 /* MasteringSwiftUIUITests.xctest */;
			productType = "com.apple.product-type.bundle.ui-testing";
		};
/* End PBXNativeTarget section */

/* Begin PBXProject section */
		40B677BA28DE6C3D0024C5A6 /* Project object */ = {
			isa = PBXProject;
			attributes = {
				BuildIndependentTargetsInParallel = 1;
				LastSwiftUpdateCheck = 1400;
				LastUpgradeCheck = 1400;
				TargetAttributes = {
					40B677C128DE6C3D0024C5A6 = {
						CreatedOnToolsVersion = 14.0;
					};
					40B677D128DE6C3E0024C5A6 = {
						CreatedOnToolsVersion = 14.0;
						TestTargetID = 40B677C128DE6C3D0024C5A6;
					};
					40B677DB28DE6C3E0024C5A6 = {
						CreatedOnToolsVersion = 14.0;
						TestTargetID = 40B677C128DE6C3D0024C5A6;
					};
				};
			};
			buildConfigurationList = 40B677BD28DE6C3D0024C5A6 /* Build configuration list for PBXProject "MasteringSwiftUI" */;
			compatibilityVersion = "Xcode 14.0";
			developmentRegion = en;
			hasScannedForEncodings = 0;
			knownRegions = (
				en,
				Base,
			);
			mainGroup = 40B677B928DE6C3D0024C5A6;
			productRefGroup = 40B677C328DE6C3D0024C5A6 /* Products */;
			projectDirPath = "";
			projectRoot = "";
			targets = (
				40B677C128DE6C3D0024C5A6 /* MasteringSwiftUI */,
				40B677D128DE6C3E0024C5A6 /* MasteringSwiftUITests */,
				40B677DB28DE6C3E0024C5A6 /* MasteringSwiftUIUITests */,
			);
		};
/* End PBXProject section */

/* Begin PBXResourcesBuildPhase section */
		40B677C028DE6C3D0024C5A6 /* Resources */ = {
			isa = PBXResourcesBuildPhase;
			buildActionMask = 2147483647;
			files = (
				40B677CD28DE6C3E0024C5A6 /* Preview Assets.xcassets in Resources */,
				40B6780628DE70FA0024C5A6 /* Nunito-Light.ttf in Resources */,
				40B6780728DE70FA0024C5A6 /* Nunito-Regular.ttf in Resources */,
				40B6781028DE70FA0024C5A6 /* Nunito-LightItalic.ttf in Resources */,
				40B6780A28DE70FA0024C5A6 /* Nunito-BoldItalic.ttf in Resources */,
				40B6780E28DE70FA0024C5A6 /* Nunito-BlackItalic.ttf in Resources */,
				40B6781128DE70FA0024C5A6 /* Nunito-MediumItalic.ttf in Resources */,
				40B6780828DE70FA0024C5A6 /* Nunito-SemiBold.ttf in Resources */,
				40B6780528DE70FA0024C5A6 /* Nunito-ExtraLightItalic.ttf in Resources */,
				40B677CA28DE6C3E0024C5A6 /* Assets.xcassets in Resources */,
				40B6780928DE70FA0024C5A6 /* Nunito-Bold.ttf in Resources */,
				40B6780D28DE70FA0024C5A6 /* Nunito-SemiBoldItalic.ttf in Resources */,
				40B6780428DE70FA0024C5A6 /* Nunito-ExtraBold.ttf in Resources */,
				40B6780228DE70FA0024C5A6 /* Nunito-Medium.ttf in Resources */,
				40B6780328DE70FA0024C5A6 /* Nunito-ExtraBoldItalic.ttf in Resources */,
				40B6780F28DE70FA0024C5A6 /* Nunito-Italic.ttf in Resources */,
				40B6780B28DE70FA0024C5A6 /* Nunito-Black.ttf in Resources */,
				40B6780C28DE70FA0024C5A6 /* Nunito-ExtraLight.ttf in Resources */,
			);
			runOnlyForDeploymentPostprocessing = 0;
		};
		40B677D028DE6C3E0024C5A6 /* Resources */ = {
			isa = PBXResourcesBuildPhase;
			buildActionMask = 2147483647;
			files = (
			);
			runOnlyForDeploymentPostprocessing = 0;
		};
		40B677DA28DE6C3E0024C5A6 /* Resources */ = {
			isa = PBXResourcesBuildPhase;
			buildActionMask = 2147483647;
			files = (
			);
			runOnlyForDeploymentPostprocessing = 0;
		};
/* End PBXResourcesBuildPhase section */

/* Begin PBXSourcesBuildPhase section */
		40B677BE28DE6C3D0024C5A6 /* Sources */ = {
			isa = PBXSourcesBuildPhase;
			buildActionMask = 2147483647;
			files = (
				40B677C828DE6C3D0024C5A6 /* Texto.swift in Sources */,
				40B6781628DE80E70024C5A6 /* ParisImage.swift in Sources */,
				40B6781428DE78B10024C5A6 /* Imagen.swift in Sources */,
				40B677C628DE6C3D0024C5A6 /* MasteringSwiftUIApp.swift in Sources */,
			);
			runOnlyForDeploymentPostprocessing = 0;
		};
		40B677CE28DE6C3E0024C5A6 /* Sources */ = {
			isa = PBXSourcesBuildPhase;
			buildActionMask = 2147483647;
			files = (
				40B677D728DE6C3E0024C5A6 /* MasteringSwiftUITests.swift in Sources */,
			);
			runOnlyForDeploymentPostprocessing = 0;
		};
		40B677D828DE6C3E0024C5A6 /* Sources */ = {
			isa = PBXSourcesBuildPhase;
			buildActionMask = 2147483647;
			files = (
				40B677E128DE6C3E0024C5A6 /* MasteringSwiftUIUITests.swift in Sources */,
				40B677E328DE6C3E0024C5A6 /* MasteringSwiftUIUITestsLaunchTests.swift in Sources */,
			);
			runOnlyForDeploymentPostprocessing = 0;
		};
/* End PBXSourcesBuildPhase section */

/* Begin PBXTargetDependency section */
		40B677D428DE6C3E0024C5A6 /* PBXTargetDependency */ = {
			isa = PBXTargetDependency;
			target = 40B677C128DE6C3D0024C5A6 /* MasteringSwiftUI */;
			targetProxy = 40B677D328DE6C3E0024C5A6 /* PBXContainerItemProxy */;
		};
		40B677DE28DE6C3E0024C5A6 /* PBXTargetDependency */ = {
			isa = PBXTargetDependency;
			target = 40B677C128DE6C3D0024C5A6 /* MasteringSwiftUI */;
			targetProxy = 40B677DD28DE6C3E0024C5A6 /* PBXContainerItemProxy */;
		};
/* End PBXTargetDependency section */

/* Begin XCBuildConfiguration section */
		40B677E428DE6C3E0024C5A6 /* Debug */ = {
			isa = XCBuildConfiguration;
			buildSettings = {
				ALWAYS_SEARCH_USER_PATHS = NO;
				CLANG_ANALYZER_NONNULL = YES;
				CLANG_ANALYZER_NUMBER_OBJECT_CONVERSION = YES_AGGRESSIVE;
				CLANG_CXX_LANGUAGE_STANDARD = "gnu++20";
				CLANG_ENABLE_MODULES = YES;
				CLANG_ENABLE_OBJC_ARC = YES;
				CLANG_ENABLE_OBJC_WEAK = YES;
				CLANG_WARN_BLOCK_CAPTURE_AUTORELEASING = YES;
				CLANG_WARN_BOOL_CONVERSION = YES;
				CLANG_WARN_COMMA = YES;
				CLANG_WARN_CONSTANT_CONVERSION = YES;
				CLANG_WARN_DEPRECATED_OBJC_IMPLEMENTATIONS = YES;
				CLANG_WARN_DIRECT_OBJC_ISA_USAGE = YES_ERROR;
				CLANG_WARN_DOCUMENTATION_COMMENTS = YES;
				CLANG_WARN_EMPTY_BODY = YES;
				CLANG_WARN_ENUM_CONVERSION = YES;
				CLANG_WARN_INFINITE_RECURSION = YES;
				CLANG_WARN_INT_CONVERSION = YES;
				CLANG_WARN_NON_LITERAL_NULL_CONVERSION = YES;
				CLANG_WARN_OBJC_IMPLICIT_RETAIN_SELF = YES;
				CLANG_WARN_OBJC_LITERAL_CONVERSION = YES;
				CLANG_WARN_OBJC_ROOT_CLASS = YES_ERROR;
				CLANG_WARN_QUOTED_INCLUDE_IN_FRAMEWORK_HEADER = YES;
				CLANG_WARN_RANGE_LOOP_ANALYSIS = YES;
				CLANG_WARN_STRICT_PROTOTYPES = YES;
				CLANG_WARN_SUSPICIOUS_MOVE = YES;
				CLANG_WARN_UNGUARDED_AVAILABILITY = YES_AGGRESSIVE;
				CLANG_WARN_UNREACHABLE_CODE = YES;
				CLANG_WARN__DUPLICATE_METHOD_MATCH = YES;
				COPY_PHASE_STRIP = NO;
				DEBUG_INFORMATION_FORMAT = dwarf;
				ENABLE_STRICT_OBJC_MSGSEND = YES;
				ENABLE_TESTABILITY = YES;
				GCC_C_LANGUAGE_STANDARD = gnu11;
				GCC_DYNAMIC_NO_PIC = NO;
				GCC_NO_COMMON_BLOCKS = YES;
				GCC_OPTIMIZATION_LEVEL = 0;
				GCC_PREPROCESSOR_DEFINITIONS = (
					"DEBUG=1",
					"$(inherited)",
				);
				GCC_WARN_64_TO_32_BIT_CONVERSION = YES;
				GCC_WARN_ABOUT_RETURN_TYPE = YES_ERROR;
				GCC_WARN_UNDECLARED_SELECTOR = YES;
				GCC_WARN_UNINITIALIZED_AUTOS = YES_AGGRESSIVE;
				GCC_WARN_UNUSED_FUNCTION = YES;
				GCC_WARN_UNUSED_VARIABLE = YES;
				IPHONEOS_DEPLOYMENT_TARGET = 16.0;
				MTL_ENABLE_DEBUG_INFO = INCLUDE_SOURCE;
				MTL_FAST_MATH = YES;
				ONLY_ACTIVE_ARCH = YES;
				SDKROOT = iphoneos;
				SWIFT_ACTIVE_COMPILATION_CONDITIONS = DEBUG;
				SWIFT_OPTIMIZATION_LEVEL = "-Onone";
			};
			name = Debug;
		};
		40B677E528DE6C3E0024C5A6 /* Release */ = {
			isa = XCBuildConfiguration;
			buildSettings = {
				ALWAYS_SEARCH_USER_PATHS = NO;
				CLANG_ANALYZER_NONNULL = YES;
				CLANG_ANALYZER_NUMBER_OBJECT_CONVERSION = YES_AGGRESSIVE;
				CLANG_CXX_LANGUAGE_STANDARD = "gnu++20";
				CLANG_ENABLE_MODULES = YES;
				CLANG_ENABLE_OBJC_ARC = YES;
				CLANG_ENABLE_OBJC_WEAK = YES;
				CLANG_WARN_BLOCK_CAPTURE_AUTORELEASING = YES;
				CLANG_WARN_BOOL_CONVERSION = YES;
				CLANG_WARN_COMMA = YES;
				CLANG_WARN_CONSTANT_CONVERSION = YES;
				CLANG_WARN_DEPRECATED_OBJC_IMPLEMENTATIONS = YES;
				CLANG_WARN_DIRECT_OBJC_ISA_USAGE = YES_ERROR;
				CLANG_WARN_DOCUMENTATION_COMMENTS = YES;
				CLANG_WARN_EMPTY_BODY = YES;
				CLANG_WARN_ENUM_CONVERSION = YES;
				CLANG_WARN_INFINITE_RECURSION = YES;
				CLANG_WARN_INT_CONVERSION = YES;
				CLANG_WARN_NON_LITERAL_NULL_CONVERSION = YES;
				CLANG_WARN_OBJC_IMPLICIT_RETAIN_SELF = YES;
				CLANG_WARN_OBJC_LITERAL_CONVERSION = YES;
				CLANG_WARN_OBJC_ROOT_CLASS = YES_ERROR;
				CLANG_WARN_QUOTED_INCLUDE_IN_FRAMEWORK_HEADER = YES;
				CLANG_WARN_RANGE_LOOP_ANALYSIS = YES;
				CLANG_WARN_STRICT_PROTOTYPES = YES;
				CLANG_WARN_SUSPICIOUS_MOVE = YES;
				CLANG_WARN_UNGUARDED_AVAILABILITY = YES_AGGRESSIVE;
				CLANG_WARN_UNREACHABLE_CODE = YES;
				CLANG_WARN__DUPLICATE_METHOD_MATCH = YES;
				COPY_PHASE_STRIP = NO;
				DEBUG_INFORMATION_FORMAT = "dwarf-with-dsym";
				ENABLE_NS_ASSERTIONS = NO;
				ENABLE_STRICT_OBJC_MSGSEND = YES;
				GCC_C_LANGUAGE_STANDARD = gnu11;
				GCC_NO_COMMON_BLOCKS = YES;
				GCC_WARN_64_TO_32_BIT_CONVERSION = YES;
				GCC_WARN_ABOUT_RETURN_TYPE = YES_ERROR;
				GCC_WARN_UNDECLARED_SELECTOR = YES;
				GCC_WARN_UNINITIALIZED_AUTOS = YES_AGGRESSIVE;
				GCC_WARN_UNUSED_FUNCTION = YES;
				GCC_WARN_UNUSED_VARIABLE = YES;
				IPHONEOS_DEPLOYMENT_TARGET = 16.0;
				MTL_ENABLE_DEBUG_INFO = NO;
				MTL_FAST_MATH = YES;
				SDKROOT = iphoneos;
				SWIFT_COMPILATION_MODE = wholemodule;
				SWIFT_OPTIMIZATION_LEVEL = "-O";
				VALIDATE_PRODUCT = YES;
			};
			name = Release;
		};
		40B677E728DE6C3E0024C5A6 /* Debug */ = {
			isa = XCBuildConfiguration;
			buildSettings = {
				ASSETCATALOG_COMPILER_APPICON_NAME = AppIcon;
				ASSETCATALOG_COMPILER_GLOBAL_ACCENT_COLOR_NAME = AccentColor;
				CODE_SIGN_STYLE = Automatic;
				CURRENT_PROJECT_VERSION = 1;
				DEVELOPMENT_ASSET_PATHS = "\"MasteringSwiftUI/Preview Content\"";
				DEVELOPMENT_TEAM = RJNWKKQ88P;
				ENABLE_PREVIEWS = YES;
				GENERATE_INFOPLIST_FILE = YES;
				INFOPLIST_FILE = MasteringSwiftUI/Info.plist;
				INFOPLIST_KEY_UIApplicationSceneManifest_Generation = YES;
				INFOPLIST_KEY_UIApplicationSupportsIndirectInputEvents = YES;
				INFOPLIST_KEY_UILaunchScreen_Generation = YES;
				INFOPLIST_KEY_UISupportedInterfaceOrientations_iPad = "UIInterfaceOrientationPortrait UIInterfaceOrientationPortraitUpsideDown UIInterfaceOrientationLandscapeLeft UIInterfaceOrientationLandscapeRight";
				INFOPLIST_KEY_UISupportedInterfaceOrientations_iPhone = "UIInterfaceOrientationPortrait UIInterfaceOrientationLandscapeLeft UIInterfaceOrientationLandscapeRight";
				LD_RUNPATH_SEARCH_PATHS = (
					"$(inherited)",
					"@executable_path/Frameworks",
				);
				MARKETING_VERSION = 1.0;
				PRODUCT_BUNDLE_IDENTIFIER = com.fabian.MasteringSwiftUI;
				PRODUCT_NAME = "$(TARGET_NAME)";
				SWIFT_EMIT_LOC_STRINGS = YES;
				SWIFT_VERSION = 5.0;
				TARGETED_DEVICE_FAMILY = "1,2";
			};
			name = Debug;
		};
		40B677E828DE6C3E0024C5A6 /* Release */ = {
			isa = XCBuildConfiguration;
			buildSettings = {
				ASSETCATALOG_COMPILER_APPICON_NAME = AppIcon;
				ASSETCATALOG_COMPILER_GLOBAL_ACCENT_COLOR_NAME = AccentColor;
				CODE_SIGN_STYLE = Automatic;
				CURRENT_PROJECT_VERSION = 1;
				DEVELOPMENT_ASSET_PATHS = "\"MasteringSwiftUI/Preview Content\"";
				DEVELOPMENT_TEAM = RJNWKKQ88P;
				ENABLE_PREVIEWS = YES;
				GENERATE_INFOPLIST_FILE = YES;
				INFOPLIST_FILE = MasteringSwiftUI/Info.plist;
				INFOPLIST_KEY_UIApplicationSceneManifest_Generation = YES;
				INFOPLIST_KEY_UIApplicationSupportsIndirectInputEvents = YES;
				INFOPLIST_KEY_UILaunchScreen_Generation = YES;
				INFOPLIST_KEY_UISupportedInterfaceOrientations_iPad = "UIInterfaceOrientationPortrait UIInterfaceOrientationPortraitUpsideDown UIInterfaceOrientationLandscapeLeft UIInterfaceOrientationLandscapeRight";
				INFOPLIST_KEY_UISupportedInterfaceOrientations_iPhone = "UIInterfaceOrientationPortrait UIInterfaceOrientationLandscapeLeft UIInterfaceOrientationLandscapeRight";
				LD_RUNPATH_SEARCH_PATHS = (
					"$(inherited)",
					"@executable_path/Frameworks",
				);
				MARKETING_VERSION = 1.0;
				PRODUCT_BUNDLE_IDENTIFIER = com.fabian.MasteringSwiftUI;
				PRODUCT_NAME = "$(TARGET_NAME)";
				SWIFT_EMIT_LOC_STRINGS = YES;
				SWIFT_VERSION = 5.0;
				TARGETED_DEVICE_FAMILY = "1,2";
			};
			name = Release;
		};
		40B677EA28DE6C3E0024C5A6 /* Debug */ = {
			isa = XCBuildConfiguration;
			buildSettings = {
				ALWAYS_EMBED_SWIFT_STANDARD_LIBRARIES = YES;
				BUNDLE_LOADER = "$(TEST_HOST)";
				CODE_SIGN_STYLE = Automatic;
				CURRENT_PROJECT_VERSION = 1;
				DEVELOPMENT_TEAM = RJNWKKQ88P;
				GENERATE_INFOPLIST_FILE = YES;
				IPHONEOS_DEPLOYMENT_TARGET = 16.0;
				MARKETING_VERSION = 1.0;
				PRODUCT_BUNDLE_IDENTIFIER = com.fabian.MasteringSwiftUITests;
				PRODUCT_NAME = "$(TARGET_NAME)";
				SWIFT_EMIT_LOC_STRINGS = NO;
				SWIFT_VERSION = 5.0;
				TARGETED_DEVICE_FAMILY = "1,2";
				TEST_HOST = "$(BUILT_PRODUCTS_DIR)/MasteringSwiftUI.app/$(BUNDLE_EXECUTABLE_FOLDER_PATH)/MasteringSwiftUI";
			};
			name = Debug;
		};
		40B677EB28DE6C3E0024C5A6 /* Release */ = {
			isa = XCBuildConfiguration;
			buildSettings = {
				ALWAYS_EMBED_SWIFT_STANDARD_LIBRARIES = YES;
				BUNDLE_LOADER = "$(TEST_HOST)";
				CODE_SIGN_STYLE = Automatic;
				CURRENT_PROJECT_VERSION = 1;
				DEVELOPMENT_TEAM = RJNWKKQ88P;
				GENERATE_INFOPLIST_FILE = YES;
				IPHONEOS_DEPLOYMENT_TARGET = 16.0;
				MARKETING_VERSION = 1.0;
				PRODUCT_BUNDLE_IDENTIFIER = com.fabian.MasteringSwiftUITests;
				PRODUCT_NAME = "$(TARGET_NAME)";
				SWIFT_EMIT_LOC_STRINGS = NO;
				SWIFT_VERSION = 5.0;
				TARGETED_DEVICE_FAMILY = "1,2";
				TEST_HOST = "$(BUILT_PRODUCTS_DIR)/MasteringSwiftUI.app/$(BUNDLE_EXECUTABLE_FOLDER_PATH)/MasteringSwiftUI";
			};
			name = Release;
		};
		40B677ED28DE6C3E0024C5A6 /* Debug */ = {
			isa = XCBuildConfiguration;
			buildSettings = {
				ALWAYS_EMBED_SWIFT_STANDARD_LIBRARIES = YES;
				CODE_SIGN_STYLE = Automatic;
				CURRENT_PROJECT_VERSION = 1;
				DEVELOPMENT_TEAM = RJNWKKQ88P;
				GENERATE_INFOPLIST_FILE = YES;
				MARKETING_VERSION = 1.0;
				PRODUCT_BUNDLE_IDENTIFIER = com.fabian.MasteringSwiftUIUITests;
				PRODUCT_NAME = "$(TARGET_NAME)";
				SWIFT_EMIT_LOC_STRINGS = NO;
				SWIFT_VERSION = 5.0;
				TARGETED_DEVICE_FAMILY = "1,2";
				TEST_TARGET_NAME = MasteringSwiftUI;
			};
			name = Debug;
		};
		40B677EE28DE6C3E0024C5A6 /* Release */ = {
			isa = XCBuildConfiguration;
			buildSettings = {
				ALWAYS_EMBED_SWIFT_STANDARD_LIBRARIES = YES;
				CODE_SIGN_STYLE = Automatic;
				CURRENT_PROJECT_VERSION = 1;
				DEVELOPMENT_TEAM = RJNWKKQ88P;
				GENERATE_INFOPLIST_FILE = YES;
				MARKETING_VERSION = 1.0;
				PRODUCT_BUNDLE_IDENTIFIER = com.fabian.MasteringSwiftUIUITests;
				PRODUCT_NAME = "$(TARGET_NAME)";
				SWIFT_EMIT_LOC_STRINGS = NO;
				SWIFT_VERSION = 5.0;
				TARGETED_DEVICE_FAMILY = "1,2";
				TEST_TARGET_NAME = MasteringSwiftUI;
			};
			name = Release;
		};
/* End XCBuildConfiguration section */

/* Begin XCConfigurationList section */
		40B677BD28DE6C3D0024C5A6 /* Build configuration list for PBXProject "MasteringSwiftUI" */ = {
			isa = XCConfigurationList;
			buildConfigurations = (
				40B677E428DE6C3E0024C5A6 /* Debug */,
				40B677E528DE6C3E0024C5A6 /* Release */,
			);
			defaultConfigurationIsVisible = 0;
			defaultConfigurationName = Release;
		};
		40B677E628DE6C3E0024C5A6 /* Build configuration list for PBXNativeTarget "MasteringSwiftUI" */ = {
			isa = XCConfigurationList;
			buildConfigurations = (
				40B677E728DE6C3E0024C5A6 /* Debug */,
				40B677E828DE6C3E0024C5A6 /* Release */,
			);
			defaultConfigurationIsVisible = 0;
			defaultConfigurationName = Release;
		};
		40B677E928DE6C3E0024C5A6 /* Build configuration list for PBXNativeTarget "MasteringSwiftUITests" */ = {
			isa = XCConfigurationList;
			buildConfigurations = (
				40B677EA28DE6C3E0024C5A6 /* Debug */,
				40B677EB28DE6C3E0024C5A6 /* Release */,
			);
			defaultConfigurationIsVisible = 0;
			defaultConfigurationName = Release;
		};
		40B677EC28DE6C3E0024C5A6 /* Build configuration list for PBXNativeTarget "MasteringSwiftUIUITests" */ = {
			isa = XCConfigurationList;
			buildConfigurations = (
				40B677ED28DE6C3E0024C5A6 /* Debug */,
				40B677EE28DE6C3E0024C5A6 /* Release */,
			);
			defaultConfigurationIsVisible = 0;
			defaultConfigurationName = Release;
		};
/* End XCConfigurationList section */
	};
	rootObject = 40B677BA28DE6C3D0024C5A6 /* Project object */;
}
